
Microsoft Visual Studio Solution File, Format Version 12.00
# Visual Studio Version 16
VisualStudioVersion = 16.0.32228.343
MinimumVisualStudioVersion = 10.0.40219.1
Project("{2150E333-8FDC-42A3-9474-1A3956D46DE8}") = "1 - Application", "1 - Application", "{9E64D084-7D50-4C00-887F-032AC11012EB}"
EndProject
Project("{2150E333-8FDC-42A3-9474-1A3956D46DE8}") = "2 - Domain", "2 - Domain", "{4483BD80-F647-4C0D-B726-350E667200BB}"
EndProject
Project("{2150E333-8FDC-42A3-9474-1A3956D46DE8}") = "3 - Service", "3 - Service", "{4C480FE2-9F0C-417D-B53E-70FDBB47112B}"
EndProject
Project("{2150E333-8FDC-42A3-9474-1A3956D46DE8}") = "4 - Infra", "4 - Infra", "{23600C57-A9DC-4F56-9A1E-8B9484232104}"
EndProject
Project("{2150E333-8FDC-42A3-9474-1A3956D46DE8}") = "4.1 - Data", "4.1 - Data", "{F25CC44C-EA3F-4DAD-A6CA-21729CC12024}"
EndProject
Project("{2150E333-8FDC-42A3-9474-1A3956D46DE8}") = "4.2 - CrossCutting", "4.2 - CrossCutting", "{804A1BB1-7B93-4F75-BEF3-3A23328BC36B}"
EndProject
Project("{FAE04EC0-301F-11D3-BF4B-00C04F79EFBC}") = "App", "App\App.csproj", "{1A131BCB-3133-4D02-8966-1FBE72ABA3C6}"
EndProject
Project("{FAE04EC0-301F-11D3-BF4B-00C04F79EFBC}") = "Domain", "Domain\Domain.csproj", "{54402C6C-213E-4214-B963-A5B5E322A9CE}"
EndProject
Project("{FAE04EC0-301F-11D3-BF4B-00C04F79EFBC}") = "Service", "Service\Service.csproj", "{01B197CD-99D4-4502-B42F-615CEC2B8EF6}"
EndProject
Project("{FAE04EC0-301F-11D3-BF4B-00C04F79EFBC}") = "Data", "Data\Data.csproj", "{326CBF2B-121F-4713-B755-0EEA3CE5982C}"
EndProject
Project("{FAE04EC0-301F-11D3-BF4B-00C04F79EFBC}") = "CrossCutting", "CrossCutting\CrossCutting.csproj", "{CE36A452-CDFA-4047-AA29-2252A35AD3D7}"
EndProject
Global
	GlobalSection(SolutionConfigurationPlatforms) = preSolution
		Debug|Any CPU = Debug|Any CPU
		Release|Any CPU = Release|Any CPU
	EndGlobalSection
	GlobalSection(ProjectConfigurationPlatforms) = postSolution
		{1A131BCB-3133-4D02-8966-1FBE72ABA3C6}.Debug|Any CPU.ActiveCfg = Debug|Any CPU
		{1A131BCB-3133-4D02-8966-1FBE72ABA3C6}.Debug|Any CPU.Build.0 = Debug|Any CPU
		{1A131BCB-3133-4D02-8966-1FBE72ABA3C6}.Release|Any CPU.ActiveCfg = Release|Any CPU
		{1A131BCB-3133-4D02-8966-1FBE72ABA3C6}.Release|Any CPU.Build.0 = Release|Any CPU
		{54402C6C-213E-4214-B963-A5B5E322A9CE}.Debug|Any CPU.ActiveCfg = Debug|Any CPU
		{54402C6C-213E-4214-B963-A5B5E322A9CE}.Debug|Any CPU.Build.0 = Debug|Any CPU
		{54402C6C-213E-4214-B963-A5B5E322A9CE}.Release|Any CPU.ActiveCfg = Release|Any CPU
		{54402C6C-213E-4214-B963-A5B5E322A9CE}.Release|Any CPU.Build.0 = Release|Any CPU
		{01B197CD-99D4-4502-B42F-615CEC2B8EF6}.Debug|Any CPU.ActiveCfg = Debug|Any CPU
		{01B197CD-99D4-4502-B42F-615CEC2B8EF6}.Debug|Any CPU.Build.0 = Debug|Any CPU
		{01B197CD-99D4-4502-B42F-615CEC2B8EF6}.Release|Any CPU.ActiveCfg = Release|Any CPU
		{01B197CD-99D4-4502-B42F-615CEC2B8EF6}.Release|Any CPU.Build.0 = Release|Any CPU
		{326CBF2B-121F-4713-B755-0EEA3CE5982C}.Debug|Any CPU.ActiveCfg = Debug|Any CPU
		{326CBF2B-121F-4713-B755-0EEA3CE5982C}.Debug|Any CPU.Build.0 = Debug|Any CPU
		{326CBF2B-121F-4713-B755-0EEA3CE5982C}.Release|Any CPU.ActiveCfg = Release|Any CPU
		{326CBF2B-121F-4713-B755-0EEA3CE5982C}.Release|Any CPU.Build.0 = Release|Any CPU
		{CE36A452-CDFA-4047-AA29-2252A35AD3D7}.Debug|Any CPU.ActiveCfg = Debug|Any CPU
		{CE36A452-CDFA-4047-AA29-2252A35AD3D7}.Debug|Any CPU.Build.0 = Debug|Any CPU
		{CE36A452-CDFA-4047-AA29-2252A35AD3D7}.Release|Any CPU.ActiveCfg = Release|Any CPU
		{CE36A452-CDFA-4047-AA29-2252A35AD3D7}.Release|Any CPU.Build.0 = Release|Any CPU
	EndGlobalSection
	GlobalSection(SolutionProperties) = preSolution
		HideSolutionNode = FALSE
	EndGlobalSection
	GlobalSection(NestedProjects) = preSolution
		{F25CC44C-EA3F-4DAD-A6CA-21729CC12024} = {23600C57-A9DC-4F56-9A1E-8B9484232104}
		{804A1BB1-7B93-4F75-BEF3-3A23328BC36B} = {23600C57-A9DC-4F56-9A1E-8B9484232104}
		{1A131BCB-3133-4D02-8966-1FBE72ABA3C6} = {9E64D084-7D50-4C00-887F-032AC11012EB}
		{54402C6C-213E-4214-B963-A5B5E322A9CE} = {4483BD80-F647-4C0D-B726-350E667200BB}
		{01B197CD-99D4-4502-B42F-615CEC2B8EF6} = {4C480FE2-9F0C-417D-B53E-70FDBB47112B}
		{326CBF2B-121F-4713-B755-0EEA3CE5982C} = {F25CC44C-EA3F-4DAD-A6CA-21729CC12024}
		{CE36A452-CDFA-4047-AA29-2252A35AD3D7} = {804A1BB1-7B93-4F75-BEF3-3A23328BC36B}
	EndGlobalSection
	GlobalSection(ExtensibilityGlobals) = postSolution
		SolutionGuid = {8A27824F-5D5D-4561-B6E9-BB3F4C6CB977}
	EndGlobalSection
EndGlobal
